
Microsoft Visual Studio Solution File, Format Version 12.00
# Visual Studio Version 16
VisualStudioVersion = 16.0.32126.315
MinimumVisualStudioVersion = 10.0.40219.1
Project("{FAE04EC0-301F-11D3-BF4B-00C04F79EFBC}") = "my-book", "my-book.csproj", "{067405CF-44B5-405B-8723-535E0A8B46CD}"
EndProject
Global
	GlobalSection(SolutionConfigurationPlatforms) = preSolution
		Debug|Any CPU = Debug|Any CPU
		Release|Any CPU = Release|Any CPU
	EndGlobalSection
	GlobalSection(ProjectConfigurationPlatforms) = postSolution
		{067405CF-44B5-405B-8723-535E0A8B46CD}.Debug|Any CPU.ActiveCfg = Debug|Any CPU
		{067405CF-44B5-405B-8723-535E0A8B46CD}.Debug|Any CPU.Build.0 = Debug|Any CPU
		{067405CF-44B5-405B-8723-535E0A8B46CD}.Release|Any CPU.ActiveCfg = Release|Any CPU
		{067405CF-44B5-405B-8723-535E0A8B46CD}.Release|Any CPU.Build.0 = Release|Any CPU
	EndGlobalSection
	GlobalSection(SolutionProperties) = preSolution
		HideSolutionNode = FALSE
	EndGlobalSection
	GlobalSection(ExtensibilityGlobals) = postSolution
		SolutionGuid = {710C8E2A-377F-4FA1-8269-8447783C81F3}
	EndGlobalSection
EndGlobal
